{
  "name": "fusion-training-PageBuilder-features",
  "version": "1.0.0",
  "lockfileVersion": 1,
  "requires": true,
  "dependencies": {
    "@arc-fusion/cli": {
      "version": "0.1.38",
      "resolved": "https://registry.npmjs.org/@arc-fusion/cli/-/cli-0.1.38.tgz",
      "integrity": "sha512-qFRPnotdszDc+HRQEWOfQ/VErBiOg39sDBoCVMcC597YCdTp6oWPbSKcjNSG5QQYycb7gYFg6FwBam3fIpNaTA==",
      "dev": true
    }
  }
}
